
Microsoft Visual Studio Solution File, Format Version 12.00
# Visual Studio Version 16
VisualStudioVersion = 16.0.29424.173
MinimumVisualStudioVersion = 10.0.40219.1
Project("{FAE04EC0-301F-11D3-BF4B-00C04F79EFBC}") = "ProductCoreApi", "ProductCoreApi\ProductCoreApi.csproj", "{7A4CAE0C-43D5-419B-B529-9A0A7992FAB3}"
EndProject
Global
	GlobalSection(SolutionConfigurationPlatforms) = preSolution
		Debug|Any CPU = Debug|Any CPU
		Release|Any CPU = Release|Any CPU
	EndGlobalSection
	GlobalSection(ProjectConfigurationPlatforms) = postSolution
		{7A4CAE0C-43D5-419B-B529-9A0A7992FAB3}.Debug|Any CPU.ActiveCfg = Debug|Any CPU
		{7A4CAE0C-43D5-419B-B529-9A0A7992FAB3}.Debug|Any CPU.Build.0 = Debug|Any CPU
		{7A4CAE0C-43D5-419B-B529-9A0A7992FAB3}.Release|Any CPU.ActiveCfg = Release|Any CPU
		{7A4CAE0C-43D5-419B-B529-9A0A7992FAB3}.Release|Any CPU.Build.0 = Release|Any CPU
	EndGlobalSection
	GlobalSection(SolutionProperties) = preSolution
		HideSolutionNode = FALSE
	EndGlobalSection
	GlobalSection(ExtensibilityGlobals) = postSolution
		SolutionGuid = {D000EF62-E63F-4447-8CC5-0D2131B92F45}
	EndGlobalSection
EndGlobal
